// !$*UTF8*$!
{
	archiveVersion = 1;
	classes = {
	};
	objectVersion = 46;
	objects = {

/* Begin PBXBuildFile section */
		B7F037D3138043C3BE1D1AA0 /* libPods-osx.a in Frameworks */ = {isa = PBXBuildFile; fileRef = 3B33EC4085AA4FB9AC528E97 /* libPods-osx.a */; };
		D0358051183563BC00EDBF93 /* WritebatchTests.m in Sources */ = {isa = PBXBuildFile; fileRef = D0E9809A18356243000BD668 /* WritebatchTests.m */; };
		D0358052183563C000EDBF93 /* BaseTestClass.m in Sources */ = {isa = PBXBuildFile; fileRef = D0E9809918356243000BD668 /* BaseTestClass.m */; };
		D0D21E171836A2E200BD1F98 /* MainTests.m in Sources */ = {isa = PBXBuildFile; fileRef = D0D21E151836A2E200BD1F98 /* MainTests.m */; };
		D0D21E181836A2E200BD1F98 /* SnapshotsTests.m in Sources */ = {isa = PBXBuildFile; fileRef = D0D21E161836A2E200BD1F98 /* SnapshotsTests.m */; };
		D0E980A518356273000BD668 /* XCTest.framework in Frameworks */ = {isa = PBXBuildFile; fileRef = D0E980A418356273000BD668 /* XCTest.framework */; };
		D0E980AB18356273000BD668 /* InfoPlist.strings in Resources */ = {isa = PBXBuildFile; fileRef = D0E980A918356273000BD668 /* InfoPlist.strings */; };
		D0F44C77183673AC00AC2F1A /* Dummy.cpp in Resources */ = {isa = PBXBuildFile; fileRef = D0F44C75183673AC00AC2F1A /* Dummy.cpp */; };
		D0F44C78183673AC00AC2F1A /* Dummy.h in Resources */ = {isa = PBXBuildFile; fileRef = D0F44C76183673AC00AC2F1A /* Dummy.h */; };
/* End PBXBuildFile section */

/* Begin PBXFileReference section */
		3B33EC4085AA4FB9AC528E97 /* libPods-osx.a */ = {isa = PBXFileReference; explicitFileType = archive.ar; includeInIndex = 0; path = "libPods-osx.a"; sourceTree = BUILT_PRODUCTS_DIR; };
		C699A1AAADEC458E8DD5A410 /* Pods-osx.xcconfig */ = {isa = PBXFileReference; includeInIndex = 1; lastKnownFileType = text.xcconfig; name = "Pods-osx.xcconfig"; path = "Pods/Pods-osx.xcconfig"; sourceTree = "<group>"; };
		D0D21E151836A2E200BD1F98 /* MainTests.m */ = {isa = PBXFileReference; fileEncoding = 4; lastKnownFileType = sourcecode.c.objc; path = MainTests.m; sourceTree = "<group>"; };
		D0D21E161836A2E200BD1F98 /* SnapshotsTests.m */ = {isa = PBXFileReference; fileEncoding = 4; lastKnownFileType = sourcecode.c.objc; path = SnapshotsTests.m; sourceTree = "<group>"; };
		D0E9809818356243000BD668 /* BaseTestClass.h */ = {isa = PBXFileReference; fileEncoding = 4; lastKnownFileType = sourcecode.c.h; path = BaseTestClass.h; sourceTree = "<group>"; };
		D0E9809918356243000BD668 /* BaseTestClass.m */ = {isa = PBXFileReference; fileEncoding = 4; lastKnownFileType = sourcecode.c.objc; path = BaseTestClass.m; sourceTree = "<group>"; };
		D0E9809A18356243000BD668 /* WritebatchTests.m */ = {isa = PBXFileReference; fileEncoding = 4; lastKnownFileType = sourcecode.c.objc; path = WritebatchTests.m; sourceTree = "<group>"; };
		D0E980A118356273000BD668 /* OS X Tests.xctest */ = {isa = PBXFileReference; explicitFileType = wrapper.cfbundle; includeInIndex = 0; path = "OS X Tests.xctest"; sourceTree = BUILT_PRODUCTS_DIR; };
		D0E980A418356273000BD668 /* XCTest.framework */ = {isa = PBXFileReference; lastKnownFileType = wrapper.framework; name = XCTest.framework; path = Library/Frameworks/XCTest.framework; sourceTree = DEVELOPER_DIR; };
		D0E980A818356273000BD668 /* OS X Tests-Info.plist */ = {isa = PBXFileReference; lastKnownFileType = text.plist.xml; path = "OS X Tests-Info.plist"; sourceTree = "<group>"; };
		D0E980AA18356273000BD668 /* en */ = {isa = PBXFileReference; lastKnownFileType = text.plist.strings; name = en; path = en.lproj/InfoPlist.strings; sourceTree = "<group>"; };
		D0E980AE18356273000BD668 /* OS X Tests-Prefix.pch */ = {isa = PBXFileReference; lastKnownFileType = sourcecode.c.h; path = "OS X Tests-Prefix.pch"; sourceTree = "<group>"; };
		D0F44C75183673AC00AC2F1A /* Dummy.cpp */ = {isa = PBXFileReference; fileEncoding = 4; lastKnownFileType = sourcecode.cpp.cpp; path = Dummy.cpp; sourceTree = "<group>"; };
		D0F44C76183673AC00AC2F1A /* Dummy.h */ = {isa = PBXFileReference; fileEncoding = 4; lastKnownFileType = sourcecode.c.h; path = Dummy.h; sourceTree = "<group>"; };
/* End PBXFileReference section */

/* Begin PBXFrameworksBuildPhase section */
		D0E9809E18356273000BD668 /* Frameworks */ = {
			isa = PBXFrameworksBuildPhase;
			buildActionMask = 2147483647;
			files = (
				D0E980A518356273000BD668 /* XCTest.framework in Frameworks */,
				B7F037D3138043C3BE1D1AA0 /* libPods-osx.a in Frameworks */,
			);
			runOnlyForDeploymentPostprocessing = 0;
		};
/* End PBXFrameworksBuildPhase section */

/* Begin PBXGroup section */
		D0E9809118356216000BD668 = {
			isa = PBXGroup;
			children = (
				D0E9809818356243000BD668 /* BaseTestClass.h */,
				D0E9809918356243000BD668 /* BaseTestClass.m */,
				D0D21E151836A2E200BD1F98 /* MainTests.m */,
				D0D21E161836A2E200BD1F98 /* SnapshotsTests.m */,
				D0E9809A18356243000BD668 /* WritebatchTests.m */,
				D0F44C75183673AC00AC2F1A /* Dummy.cpp */,
				D0F44C76183673AC00AC2F1A /* Dummy.h */,
				D0E980A618356273000BD668 /* OS X Tests */,
				D0E980A318356273000BD668 /* Frameworks */,
				D0E980A218356273000BD668 /* Products */,
				C699A1AAADEC458E8DD5A410 /* Pods-osx.xcconfig */,
			);
			sourceTree = "<group>";
		};
		D0E980A218356273000BD668 /* Products */ = {
			isa = PBXGroup;
			children = (
				D0E980A118356273000BD668 /* OS X Tests.xctest */,
			);
			name = Products;
			sourceTree = "<group>";
		};
		D0E980A318356273000BD668 /* Frameworks */ = {
			isa = PBXGroup;
			children = (
				D0E980A418356273000BD668 /* XCTest.framework */,
				3B33EC4085AA4FB9AC528E97 /* libPods-osx.a */,
			);
			name = Frameworks;
			sourceTree = "<group>";
		};
		D0E980A618356273000BD668 /* OS X Tests */ = {
			isa = PBXGroup;
			children = (
				D0E980A718356273000BD668 /* Supporting Files */,
			);
			path = "OS X Tests";
			sourceTree = "<group>";
		};
		D0E980A718356273000BD668 /* Supporting Files */ = {
			isa = PBXGroup;
			children = (
				D0E980A818356273000BD668 /* OS X Tests-Info.plist */,
				D0E980A918356273000BD668 /* InfoPlist.strings */,
				D0E980AE18356273000BD668 /* OS X Tests-Prefix.pch */,
			);
			name = "Supporting Files";
			sourceTree = "<group>";
		};
/* End PBXGroup section */

/* Begin PBXNativeTarget section */
		D0E980A018356273000BD668 /* OS X Tests */ = {
			isa = PBXNativeTarget;
			buildConfigurationList = D0E980AF18356273000BD668 /* Build configuration list for PBXNativeTarget "OS X Tests" */;
			buildPhases = (
				D0E9809D18356273000BD668 /* Sources */,
				D0E9809E18356273000BD668 /* Frameworks */,
				D0E9809F18356273000BD668 /* Resources */,
				9C27E6898B6B4BFD8F0FED75 /* Copy Pods Resources */,
			);
			buildRules = (
			);
			dependencies = (
			);
			name = "OS X Tests";
			productName = "OS X Tests";
			productReference = D0E980A118356273000BD668 /* OS X Tests.xctest */;
			productType = "com.apple.product-type.bundle.unit-test";
		};
/* End PBXNativeTarget section */

/* Begin PBXProject section */
		D0E9809218356216000BD668 /* Project object */ = {
			isa = PBXProject;
			attributes = {
				LastUpgradeCheck = 0500;
			};
			buildConfigurationList = D0E9809518356216000BD668 /* Build configuration list for PBXProject "Objective-LevelDB OS X Tests" */;
			compatibilityVersion = "Xcode 3.2";
			developmentRegion = English;
			hasScannedForEncodings = 0;
			knownRegions = (
				en,
			);
			mainGroup = D0E9809118356216000BD668;
			productRefGroup = D0E980A218356273000BD668 /* Products */;
			projectDirPath = "";
			projectRoot = "";
			targets = (
				D0E980A018356273000BD668 /* OS X Tests */,
			);
		};
/* End PBXProject section */

/* Begin PBXResourcesBuildPhase section */
		D0E9809F18356273000BD668 /* Resources */ = {
			isa = PBXResourcesBuildPhase;
			buildActionMask = 2147483647;
			files = (
				D0F44C78183673AC00AC2F1A /* Dummy.h in Resources */,
				D0F44C77183673AC00AC2F1A /* Dummy.cpp in Resources */,
				D0E980AB18356273000BD668 /* InfoPlist.strings in Resources */,
			);
			runOnlyForDeploymentPostprocessing = 0;
		};
/* End PBXResourcesBuildPhase section */

/* Begin PBXShellScriptBuildPhase section */
		9C27E6898B6B4BFD8F0FED75 /* Copy Pods Resources */ = {
			isa = PBXShellScriptBuildPhase;
			buildActionMask = 2147483647;
			files = (
			);
			inputPaths = (
			);
			name = "Copy Pods Resources";
			outputPaths = (
			);
			runOnlyForDeploymentPostprocessing = 0;
			shellPath = /bin/sh;
			shellScript = "\"${SRCROOT}/Pods/Pods-osx-resources.sh\"\n";
			showEnvVarsInLog = 0;
		};
/* End PBXShellScriptBuildPhase section */

/* Begin PBXSourcesBuildPhase section */
		D0E9809D18356273000BD668 /* Sources */ = {
			isa = PBXSourcesBuildPhase;
			buildActionMask = 2147483647;
			files = (
				D0358051183563BC00EDBF93 /* WritebatchTests.m in Sources */,
				D0D21E181836A2E200BD1F98 /* SnapshotsTests.m in Sources */,
				D0D21E171836A2E200BD1F98 /* MainTests.m in Sources */,
				D0358052183563C000EDBF93 /* BaseTestClass.m in Sources */,
			);
			runOnlyForDeploymentPostprocessing = 0;
		};
/* End PBXSourcesBuildPhase section */

/* Begin PBXVariantGroup section */
		D0E980A918356273000BD668 /* InfoPlist.strings */ = {
			isa = PBXVariantGroup;
			children = (
				D0E980AA18356273000BD668 /* en */,
			);
			name = InfoPlist.strings;
			sourceTree = "<group>";
		};
/* End PBXVariantGroup section */

/* Begin XCBuildConfiguration section */
		D0E9809618356216000BD668 /* Debug */ = {
			isa = XCBuildConfiguration;
			buildSettings = {
			};
			name = Debug;
		};
		D0E9809718356216000BD668 /* Release */ = {
			isa = XCBuildConfiguration;
			buildSettings = {
			};
			name = Release;
		};
		D0E980B018356273000BD668 /* Debug */ = {
			isa = XCBuildConfiguration;
			baseConfigurationReference = C699A1AAADEC458E8DD5A410 /* Pods-osx.xcconfig */;
			buildSettings = {
				ALWAYS_SEARCH_USER_PATHS = NO;
				CLANG_CXX_LANGUAGE_STANDARD = "compiler-default";
				CLANG_CXX_LIBRARY = "compiler-default";
				CLANG_ENABLE_OBJC_ARC = YES;
				CLANG_WARN_BOOL_CONVERSION = YES;
				CLANG_WARN_CONSTANT_CONVERSION = YES;
				CLANG_WARN_DIRECT_OBJC_ISA_USAGE = YES_ERROR;
				CLANG_WARN_EMPTY_BODY = YES;
				CLANG_WARN_ENUM_CONVERSION = YES;
				CLANG_WARN_INT_CONVERSION = YES;
				CLANG_WARN_OBJC_ROOT_CLASS = YES_ERROR;
				CLANG_WARN__DUPLICATE_METHOD_MATCH = YES;
				COPY_PHASE_STRIP = NO;
				FRAMEWORK_SEARCH_PATHS = (
					"$(DEVELOPER_FRAMEWORKS_DIR)",
					"$(inherited)",
				);
				GCC_C_LANGUAGE_STANDARD = gnu99;
				GCC_DYNAMIC_NO_PIC = NO;
				GCC_ENABLE_OBJC_EXCEPTIONS = YES;
				GCC_OPTIMIZATION_LEVEL = 0;
				GCC_PRECOMPILE_PREFIX_HEADER = YES;
				GCC_PREFIX_HEADER = "OS X Tests/OS X Tests-Prefix.pch";
				GCC_PREPROCESSOR_DEFINITIONS = (
					"DEBUG=1",
					"$(inherited)",
				);
				GCC_SYMBOLS_PRIVATE_EXTERN = NO;
				GCC_WARN_64_TO_32_BIT_CONVERSION = YES;
				GCC_WARN_ABOUT_RETURN_TYPE = YES_ERROR;
				GCC_WARN_UNDECLARED_SELECTOR = YES;
				GCC_WARN_UNINITIALIZED_AUTOS = YES;
				GCC_WARN_UNUSED_FUNCTION = YES;
				GCC_WARN_UNUSED_VARIABLE = YES;
				INFOPLIST_FILE = "OS X Tests/OS X Tests-Info.plist";
				MACOSX_DEPLOYMENT_TARGET = 10.9;
				ONLY_ACTIVE_ARCH = YES;
				PRODUCT_NAME = "$(TARGET_NAME)";
				SDKROOT = macosx;
				WRAPPER_EXTENSION = xctest;
			};
			name = Debug;
		};
		D0E980B118356273000BD668 /* Release */ = {
			isa = XCBuildConfiguration;
			baseConfigurationReference = C699A1AAADEC458E8DD5A410 /* Pods-osx.xcconfig */;
			buildSettings = {
				ALWAYS_SEARCH_USER_PATHS = NO;
				CLANG_CXX_LANGUAGE_STANDARD = "compiler-default";
				CLANG_CXX_LIBRARY = "compiler-default";
				CLANG_ENABLE_OBJC_ARC = YES;
				CLANG_WARN_BOOL_CONVERSION = YES;
				CLANG_WARN_CONSTANT_CONVERSION = YES;
				CLANG_WARN_DIRECT_OBJC_ISA_USAGE = YES_ERROR;
				CLANG_WARN_EMPTY_BODY = YES;
				CLANG_WARN_ENUM_CONVERSION = YES;
				CLANG_WARN_INT_CONVERSION = YES;
				CLANG_WARN_OBJC_ROOT_CLASS = YES_ERROR;
				CLANG_WARN__DUPLICATE_METHOD_MATCH = YES;
				COPY_PHASE_STRIP = YES;
				DEBUG_INFORMATION_FORMAT = "dwarf-with-dsym";
				ENABLE_NS_ASSERTIONS = NO;
				FRAMEWORK_SEARCH_PATHS = (
					"$(DEVELOPER_FRAMEWORKS_DIR)",
					"$(inherited)",
				);
				GCC_C_LANGUAGE_STANDARD = gnu99;
				GCC_ENABLE_OBJC_EXCEPTIONS = YES;
				GCC_PRECOMPILE_PREFIX_HEADER = YES;
				GCC_PREFIX_HEADER = "OS X Tests/OS X Tests-Prefix.pch";
				GCC_WARN_64_TO_32_BIT_CONVERSION = YES;
				GCC_WARN_ABOUT_RETURN_TYPE = YES_ERROR;
				GCC_WARN_UNDECLARED_SELECTOR = YES;
				GCC_WARN_UNINITIALIZED_AUTOS = YES;
				GCC_WARN_UNUSED_FUNCTION = YES;
				GCC_WARN_UNUSED_VARIABLE = YES;
				INFOPLIST_FILE = "OS X Tests/OS X Tests-Info.plist";
				MACOSX_DEPLOYMENT_TARGET = 10.9;
				PRODUCT_NAME = "$(TARGET_NAME)";
				SDKROOT = macosx;
				WRAPPER_EXTENSION = xctest;
			};
			name = Release;
		};
/* End XCBuildConfiguration section */

/* Begin XCConfigurationList section */
		D0E9809518356216000BD668 /* Build configuration list for PBXProject "Objective-LevelDB OS X Tests" */ = {
			isa = XCConfigurationList;
			buildConfigurations = (
				D0E9809618356216000BD668 /* Debug */,
				D0E9809718356216000BD668 /* Release */,
			);
			defaultConfigurationIsVisible = 0;
			defaultConfigurationName = Release;
		};
		D0E980AF18356273000BD668 /* Build configuration list for PBXNativeTarget "OS X Tests" */ = {
			isa = XCConfigurationList;
			buildConfigurations = (
				D0E980B018356273000BD668 /* Debug */,
				D0E980B118356273000BD668 /* Release */,
			);
			defaultConfigurationIsVisible = 0;
			defaultConfigurationName = Release;
		};
/* End XCConfigurationList section */
	};
	rootObject = D0E9809218356216000BD668 /* Project object */;
}
